
Microsoft Visual Studio Solution File, Format Version 12.00
# Visual Studio Version 16
VisualStudioVersion = 16.0.32228.343
MinimumVisualStudioVersion = 10.0.40219.1
Project("{9A19103F-16F7-4668-BE54-9A1E7A4F7556}") = "dotnetcoresoapcore", "dotnetcoresoapcore.csproj", "{30228A14-CA56-44BA-A68F-5C604831F267}"
EndProject
Global
	GlobalSection(SolutionConfigurationPlatforms) = preSolution
		Debug|Any CPU = Debug|Any CPU
		Release|Any CPU = Release|Any CPU
	EndGlobalSection
	GlobalSection(ProjectConfigurationPlatforms) = postSolution
		{30228A14-CA56-44BA-A68F-5C604831F267}.Debug|Any CPU.ActiveCfg = Debug|Any CPU
		{30228A14-CA56-44BA-A68F-5C604831F267}.Debug|Any CPU.Build.0 = Debug|Any CPU
		{30228A14-CA56-44BA-A68F-5C604831F267}.Release|Any CPU.ActiveCfg = Release|Any CPU
		{30228A14-CA56-44BA-A68F-5C604831F267}.Release|Any CPU.Build.0 = Release|Any CPU
	EndGlobalSection
	GlobalSection(SolutionProperties) = preSolution
		HideSolutionNode = FALSE
	EndGlobalSection
	GlobalSection(ExtensibilityGlobals) = postSolution
		SolutionGuid = {F90E631C-4BA4-43C8-8D4D-DC0CB787E2A5}
	EndGlobalSection
EndGlobal
